// !$*UTF8*$!
{
	archiveVersion = 1;
	classes = {
	};
	objectVersion = 46;
	objects = {

/* Begin PBXBuildFile section */
		4081DCC81CB396CF00E5B3FF /* AppDelegate.swift in Sources */ = {isa = PBXBuildFile; fileRef = 4081DCC71CB396CF00E5B3FF /* AppDelegate.swift */; };
		4081DCD01CB396CF00E5B3FF /* NoteTaker.xcdatamodeld in Sources */ = {isa = PBXBuildFile; fileRef = 4081DCCE1CB396CF00E5B3FF /* NoteTaker.xcdatamodeld */; };
		4081DCD21CB396CF00E5B3FF /* Assets.xcassets in Resources */ = {isa = PBXBuildFile; fileRef = 4081DCD11CB396CF00E5B3FF /* Assets.xcassets */; };
		4081DCD51CB396CF00E5B3FF /* LaunchScreen.storyboard in Resources */ = {isa = PBXBuildFile; fileRef = 4081DCD31CB396CF00E5B3FF /* LaunchScreen.storyboard */; };
		4081DCDD1CB3987B00E5B3FF /* NoteTakerViewController.swift in Sources */ = {isa = PBXBuildFile; fileRef = 4081DCDC1CB3987B00E5B3FF /* NoteTakerViewController.swift */; };
		4081DCE31CB3A0DA00E5B3FF /* beep1.mp3 in Resources */ = {isa = PBXBuildFile; fileRef = 4081DCDE1CB3A0DA00E5B3FF /* beep1.mp3 */; };
		4081DCE41CB3A0DA00E5B3FF /* grey_wash_wall_@2X.png in Resources */ = {isa = PBXBuildFile; fileRef = 4081DCDF1CB3A0DA00E5B3FF /* grey_wash_wall_@2X.png */; };
		4081DCE51CB3A0DA00E5B3FF /* microphone.png in Resources */ = {isa = PBXBuildFile; fileRef = 4081DCE01CB3A0DA00E5B3FF /* microphone.png */; };
		4081DCE61CB3A0DA00E5B3FF /* microphoneDepressed.png in Resources */ = {isa = PBXBuildFile; fileRef = 4081DCE11CB3A0DA00E5B3FF /* microphoneDepressed.png */; };
		4081DCE71CB3A0DA00E5B3FF /* shattered_@2X.png in Resources */ = {isa = PBXBuildFile; fileRef = 4081DCE21CB3A0DA00E5B3FF /* shattered_@2X.png */; };
		4081DCEA1CB4A14800E5B3FF /* NewNoteViewController.swift in Sources */ = {isa = PBXBuildFile; fileRef = 4081DCE91CB4A14800E5B3FF /* NewNoteViewController.swift */; };
		4081DCEE1CB4A89000E5B3FF /* Note.swift in Sources */ = {isa = PBXBuildFile; fileRef = 4081DCEC1CB4A89000E5B3FF /* Note.swift */; };
		4081DCF01CB6251800E5B3FF /* Main.storyboard in Resources */ = {isa = PBXBuildFile; fileRef = 4081DCEF1CB6251800E5B3FF /* Main.storyboard */; };
		4081DCFC1CB6273800E5B3FF /* Average Assets in Resources */ = {isa = PBXBuildFile; fileRef = 4081DCFB1CB6273800E5B3FF /* Average Assets */; };
		4081DCFE1CB6274200E5B3FF /* Note Taker in Resources */ = {isa = PBXBuildFile; fileRef = 4081DCFD1CB6274200E5B3FF /* Note Taker */; };
		4081DD001CB6274D00E5B3FF /* Notes Assets in Resources */ = {isa = PBXBuildFile; fileRef = 4081DCFF1CB6274D00E5B3FF /* Notes Assets */; };
		4081DD021CB6275700E5B3FF /* Peak Assets in Resources */ = {isa = PBXBuildFile; fileRef = 4081DD011CB6275700E5B3FF /* Peak Assets */; };
/* End PBXBuildFile section */

/* Begin PBXFileReference section */
		4081DCC41CB396CF00E5B3FF /* NoteTaker.app */ = {isa = PBXFileReference; explicitFileType = wrapper.application; includeInIndex = 0; path = NoteTaker.app; sourceTree = BUILT_PRODUCTS_DIR; };
		4081DCC71CB396CF00E5B3FF /* AppDelegate.swift */ = {isa = PBXFileReference; lastKnownFileType = sourcecode.swift; path = AppDelegate.swift; sourceTree = "<group>"; };
		4081DCCF1CB396CF00E5B3FF /* NoteTaker.xcdatamodel */ = {isa = PBXFileReference; lastKnownFileType = wrapper.xcdatamodel; path = NoteTaker.xcdatamodel; sourceTree = "<group>"; };
		4081DCD11CB396CF00E5B3FF /* Assets.xcassets */ = {isa = PBXFileReference; lastKnownFileType = folder.assetcatalog; path = Assets.xcassets; sourceTree = "<group>"; };
		4081DCD41CB396CF00E5B3FF /* Base */ = {isa = PBXFileReference; lastKnownFileType = file.storyboard; name = Base; path = Base.lproj/LaunchScreen.storyboard; sourceTree = "<group>"; };
		4081DCD61CB396CF00E5B3FF /* Info.plist */ = {isa = PBXFileReference; lastKnownFileType = text.plist.xml; path = Info.plist; sourceTree = "<group>"; };
		4081DCDC1CB3987B00E5B3FF /* NoteTakerViewController.swift */ = {isa = PBXFileReference; fileEncoding = 4; lastKnownFileType = sourcecode.swift; path = NoteTakerViewController.swift; sourceTree = "<group>"; };
		4081DCDE1CB3A0DA00E5B3FF /* beep1.mp3 */ = {isa = PBXFileReference; lastKnownFileType = audio.mp3; path = beep1.mp3; sourceTree = "<group>"; };
		4081DCDF1CB3A0DA00E5B3FF /* grey_wash_wall_@2X.png */ = {isa = PBXFileReference; lastKnownFileType = image.png; path = "grey_wash_wall_@2X.png"; sourceTree = "<group>"; };
		4081DCE01CB3A0DA00E5B3FF /* microphone.png */ = {isa = PBXFileReference; lastKnownFileType = image.png; path = microphone.png; sourceTree = "<group>"; };
		4081DCE11CB3A0DA00E5B3FF /* microphoneDepressed.png */ = {isa = PBXFileReference; lastKnownFileType = image.png; path = microphoneDepressed.png; sourceTree = "<group>"; };
		4081DCE21CB3A0DA00E5B3FF /* shattered_@2X.png */ = {isa = PBXFileReference; lastKnownFileType = image.png; path = "shattered_@2X.png"; sourceTree = "<group>"; };
		4081DCE91CB4A14800E5B3FF /* NewNoteViewController.swift */ = {isa = PBXFileReference; fileEncoding = 4; lastKnownFileType = sourcecode.swift; path = NewNoteViewController.swift; sourceTree = "<group>"; };
		4081DCEC1CB4A89000E5B3FF /* Note.swift */ = {isa = PBXFileReference; fileEncoding = 4; lastKnownFileType = sourcecode.swift; path = Note.swift; sourceTree = "<group>"; };
		4081DCEF1CB6251800E5B3FF /* Main.storyboard */ = {isa = PBXFileReference; fileEncoding = 4; lastKnownFileType = file.storyboard; path = Main.storyboard; sourceTree = "<group>"; };
		4081DCFB1CB6273800E5B3FF /* Average Assets */ = {isa = PBXFileReference; lastKnownFileType = folder; path = "Average Assets"; sourceTree = "<group>"; };
		4081DCFD1CB6274200E5B3FF /* Note Taker */ = {isa = PBXFileReference; lastKnownFileType = folder; path = "Note Taker"; sourceTree = "<group>"; };
		4081DCFF1CB6274D00E5B3FF /* Notes Assets */ = {isa = PBXFileReference; lastKnownFileType = folder; path = "Notes Assets"; sourceTree = "<group>"; };
		4081DD011CB6275700E5B3FF /* Peak Assets */ = {isa = PBXFileReference; lastKnownFileType = folder; path = "Peak Assets"; sourceTree = "<group>"; };
/* End PBXFileReference section */

/* Begin PBXFrameworksBuildPhase section */
		4081DCC11CB396CF00E5B3FF /* Frameworks */ = {
			isa = PBXFrameworksBuildPhase;
			buildActionMask = 2147483647;
			files = (
			);
			runOnlyForDeploymentPostprocessing = 0;
		};
/* End PBXFrameworksBuildPhase section */

/* Begin PBXGroup section */
		4081DCBB1CB396CF00E5B3FF = {
			isa = PBXGroup;
			children = (
				4081DCEC1CB4A89000E5B3FF /* Note.swift */,
				4081DCC61CB396CF00E5B3FF /* NoteTaker */,
				4081DCC51CB396CF00E5B3FF /* Products */,
			);
			sourceTree = "<group>";
		};
		4081DCC51CB396CF00E5B3FF /* Products */ = {
			isa = PBXGroup;
			children = (
				4081DCC41CB396CF00E5B3FF /* NoteTaker.app */,
			);
			name = Products;
			sourceTree = "<group>";
		};
		4081DCC61CB396CF00E5B3FF /* NoteTaker */ = {
			isa = PBXGroup;
			children = (
				4081DCC71CB396CF00E5B3FF /* AppDelegate.swift */,
				4081DCDC1CB3987B00E5B3FF /* NoteTakerViewController.swift */,
				4081DCE91CB4A14800E5B3FF /* NewNoteViewController.swift */,
				4081DCEF1CB6251800E5B3FF /* Main.storyboard */,
				4081DCFB1CB6273800E5B3FF /* Average Assets */,
				4081DCFD1CB6274200E5B3FF /* Note Taker */,
				4081DCFF1CB6274D00E5B3FF /* Notes Assets */,
				4081DD011CB6275700E5B3FF /* Peak Assets */,
				4081DCD11CB396CF00E5B3FF /* Assets.xcassets */,
				4081DCD31CB396CF00E5B3FF /* LaunchScreen.storyboard */,
				4081DCD61CB396CF00E5B3FF /* Info.plist */,
				4081DCCE1CB396CF00E5B3FF /* NoteTaker.xcdatamodeld */,
				4081DCDE1CB3A0DA00E5B3FF /* beep1.mp3 */,
				4081DCDF1CB3A0DA00E5B3FF /* grey_wash_wall_@2X.png */,
				4081DCE01CB3A0DA00E5B3FF /* microphone.png */,
				4081DCE11CB3A0DA00E5B3FF /* microphoneDepressed.png */,
				4081DCE21CB3A0DA00E5B3FF /* shattered_@2X.png */,
			);
			path = NoteTaker;
			sourceTree = "<group>";
		};
/* End PBXGroup section */

/* Begin PBXNativeTarget section */
		4081DCC31CB396CF00E5B3FF /* NoteTaker */ = {
			isa = PBXNativeTarget;
			buildConfigurationList = 4081DCD91CB396CF00E5B3FF /* Build configuration list for PBXNativeTarget "NoteTaker" */;
			buildPhases = (
				4081DCC01CB396CF00E5B3FF /* Sources */,
				4081DCC11CB396CF00E5B3FF /* Frameworks */,
				4081DCC21CB396CF00E5B3FF /* Resources */,
			);
			buildRules = (
			);
			dependencies = (
			);
			name = NoteTaker;
			productName = NoteTaker;
			productReference = 4081DCC41CB396CF00E5B3FF /* NoteTaker.app */;
			productType = "com.apple.product-type.application";
		};
/* End PBXNativeTarget section */

/* Begin PBXProject section */
		4081DCBC1CB396CF00E5B3FF /* Project object */ = {
			isa = PBXProject;
			attributes = {
				LastSwiftUpdateCheck = 0730;
				LastUpgradeCheck = 0730;
				ORGANIZATIONNAME = Engene;
				TargetAttributes = {
					4081DCC31CB396CF00E5B3FF = {
						CreatedOnToolsVersion = 7.3;
						DevelopmentTeam = 8XAJ796C7E;
					};
				};
			};
			buildConfigurationList = 4081DCBF1CB396CF00E5B3FF /* Build configuration list for PBXProject "NoteTaker" */;
			compatibilityVersion = "Xcode 3.2";
			developmentRegion = English;
			hasScannedForEncodings = 0;
			knownRegions = (
				en,
				Base,
			);
			mainGroup = 4081DCBB1CB396CF00E5B3FF;
			productRefGroup = 4081DCC51CB396CF00E5B3FF /* Products */;
			projectDirPath = "";
			projectRoot = "";
			targets = (
				4081DCC31CB396CF00E5B3FF /* NoteTaker */,
			);
		};
/* End PBXProject section */

/* Begin PBXResourcesBuildPhase section */
		4081DCC21CB396CF00E5B3FF /* Resources */ = {
			isa = PBXResourcesBuildPhase;
			buildActionMask = 2147483647;
			files = (
				4081DCE31CB3A0DA00E5B3FF /* beep1.mp3 in Resources */,
				4081DCE71CB3A0DA00E5B3FF /* shattered_@2X.png in Resources */,
				4081DCD51CB396CF00E5B3FF /* LaunchScreen.storyboard in Resources */,
				4081DCF01CB6251800E5B3FF /* Main.storyboard in Resources */,
				4081DCFC1CB6273800E5B3FF /* Average Assets in Resources */,
				4081DD001CB6274D00E5B3FF /* Notes Assets in Resources */,
				4081DCFE1CB6274200E5B3FF /* Note Taker in Resources */,
				4081DD021CB6275700E5B3FF /* Peak Assets in Resources */,
				4081DCD21CB396CF00E5B3FF /* Assets.xcassets in Resources */,
				4081DCE51CB3A0DA00E5B3FF /* microphone.png in Resources */,
				4081DCE61CB3A0DA00E5B3FF /* microphoneDepressed.png in Resources */,
				4081DCE41CB3A0DA00E5B3FF /* grey_wash_wall_@2X.png in Resources */,
			);
			runOnlyForDeploymentPostprocessing = 0;
		};
/* End PBXResourcesBuildPhase section */

/* Begin PBXSourcesBuildPhase section */
		4081DCC01CB396CF00E5B3FF /* Sources */ = {
			isa = PBXSourcesBuildPhase;
			buildActionMask = 2147483647;
			files = (
				4081DCDD1CB3987B00E5B3FF /* NoteTakerViewController.swift in Sources */,
				4081DCEA1CB4A14800E5B3FF /* NewNoteViewController.swift in Sources */,
				4081DCD01CB396CF00E5B3FF /* NoteTaker.xcdatamodeld in Sources */,
				4081DCC81CB396CF00E5B3FF /* AppDelegate.swift in Sources */,
				4081DCEE1CB4A89000E5B3FF /* Note.swift in Sources */,
			);
			runOnlyForDeploymentPostprocessing = 0;
		};
/* End PBXSourcesBuildPhase section */

/* Begin PBXVariantGroup section */
		4081DCD31CB396CF00E5B3FF /* LaunchScreen.storyboard */ = {
			isa = PBXVariantGroup;
			children = (
				4081DCD41CB396CF00E5B3FF /* Base */,
			);
			name = LaunchScreen.storyboard;
			sourceTree = "<group>";
		};
/* End PBXVariantGroup section */

/* Begin XCBuildConfiguration section */
		4081DCD71CB396CF00E5B3FF /* Debug */ = {
			isa = XCBuildConfiguration;
			buildSettings = {
				ALWAYS_SEARCH_USER_PATHS = NO;
				CLANG_ANALYZER_NONNULL = YES;
				CLANG_CXX_LANGUAGE_STANDARD = "gnu++0x";
				CLANG_CXX_LIBRARY = "libc++";
				CLANG_ENABLE_MODULES = YES;
				CLANG_ENABLE_OBJC_ARC = YES;
				CLANG_WARN_BOOL_CONVERSION = YES;
				CLANG_WARN_CONSTANT_CONVERSION = YES;
				CLANG_WARN_DIRECT_OBJC_ISA_USAGE = YES_ERROR;
				CLANG_WARN_EMPTY_BODY = YES;
				CLANG_WARN_ENUM_CONVERSION = YES;
				CLANG_WARN_INT_CONVERSION = YES;
				CLANG_WARN_OBJC_ROOT_CLASS = YES_ERROR;
				CLANG_WARN_UNREACHABLE_CODE = YES;
				CLANG_WARN__DUPLICATE_METHOD_MATCH = YES;
				"CODE_SIGN_IDENTITY[sdk=iphoneos*]" = "iPhone Developer";
				COPY_PHASE_STRIP = NO;
				DEBUG_INFORMATION_FORMAT = dwarf;
				ENABLE_STRICT_OBJC_MSGSEND = YES;
				ENABLE_TESTABILITY = YES;
				GCC_C_LANGUAGE_STANDARD = gnu99;
				GCC_DYNAMIC_NO_PIC = NO;
				GCC_NO_COMMON_BLOCKS = YES;
				GCC_OPTIMIZATION_LEVEL = 0;
				GCC_PREPROCESSOR_DEFINITIONS = (
					"DEBUG=1",
					"$(inherited)",
				);
				GCC_WARN_64_TO_32_BIT_CONVERSION = YES;
				GCC_WARN_ABOUT_RETURN_TYPE = YES_ERROR;
				GCC_WARN_UNDECLARED_SELECTOR = YES;
				GCC_WARN_UNINITIALIZED_AUTOS = YES_AGGRESSIVE;
				GCC_WARN_UNUSED_FUNCTION = YES;
				GCC_WARN_UNUSED_VARIABLE = YES;
				IPHONEOS_DEPLOYMENT_TARGET = 9.3;
				MTL_ENABLE_DEBUG_INFO = YES;
				ONLY_ACTIVE_ARCH = YES;
				SDKROOT = iphoneos;
				SWIFT_OPTIMIZATION_LEVEL = "-Onone";
				TARGETED_DEVICE_FAMILY = "1,2";
			};
			name = Debug;
		};
		4081DCD81CB396CF00E5B3FF /* Release */ = {
			isa = XCBuildConfiguration;
			buildSettings = {
				ALWAYS_SEARCH_USER_PATHS = NO;
				CLANG_ANALYZER_NONNULL = YES;
				CLANG_CXX_LANGUAGE_STANDARD = "gnu++0x";
				CLANG_CXX_LIBRARY = "libc++";
				CLANG_ENABLE_MODULES = YES;
				CLANG_ENABLE_OBJC_ARC = YES;
				CLANG_WARN_BOOL_CONVERSION = YES;
				CLANG_WARN_CONSTANT_CONVERSION = YES;
				CLANG_WARN_DIRECT_OBJC_ISA_USAGE = YES_ERROR;
				CLANG_WARN_EMPTY_BODY = YES;
				CLANG_WARN_ENUM_CONVERSION = YES;
				CLANG_WARN_INT_CONVERSION = YES;
				CLANG_WARN_OBJC_ROOT_CLASS = YES_ERROR;
				CLANG_WARN_UNREACHABLE_CODE = YES;
				CLANG_WARN__DUPLICATE_METHOD_MATCH = YES;
				"CODE_SIGN_IDENTITY[sdk=iphoneos*]" = "iPhone Developer";
				COPY_PHASE_STRIP = NO;
				DEBUG_INFORMATION_FORMAT = "dwarf-with-dsym";
				ENABLE_NS_ASSERTIONS = NO;
				ENABLE_STRICT_OBJC_MSGSEND = YES;
				GCC_C_LANGUAGE_STANDARD = gnu99;
				GCC_NO_COMMON_BLOCKS = YES;
				GCC_WARN_64_TO_32_BIT_CONVERSION = YES;
				GCC_WARN_ABOUT_RETURN_TYPE = YES_ERROR;
				GCC_WARN_UNDECLARED_SELECTOR = YES;
				GCC_WARN_UNINITIALIZED_AUTOS = YES_AGGRESSIVE;
				GCC_WARN_UNUSED_FUNCTION = YES;
				GCC_WARN_UNUSED_VARIABLE = YES;
				IPHONEOS_DEPLOYMENT_TARGET = 9.3;
				MTL_ENABLE_DEBUG_INFO = NO;
				SDKROOT = iphoneos;
				TARGETED_DEVICE_FAMILY = "1,2";
				VALIDATE_PRODUCT = YES;
			};
			name = Release;
		};
		4081DCDA1CB396CF00E5B3FF /* Debug */ = {
			isa = XCBuildConfiguration;
			buildSettings = {
				ASSETCATALOG_COMPILER_APPICON_NAME = AppIcon;
				INFOPLIST_FILE = NoteTaker/Info.plist;
				LD_RUNPATH_SEARCH_PATHS = "$(inherited) @executable_path/Frameworks";
				PRODUCT_BUNDLE_IDENTIFIER = kr.co.engene.NoteTaker;
				PRODUCT_NAME = "$(TARGET_NAME)";
			};
			name = Debug;
		};
		4081DCDB1CB396CF00E5B3FF /* Release */ = {
			isa = XCBuildConfiguration;
			buildSettings = {
				ASSETCATALOG_COMPILER_APPICON_NAME = AppIcon;
				INFOPLIST_FILE = NoteTaker/Info.plist;
				LD_RUNPATH_SEARCH_PATHS = "$(inherited) @executable_path/Frameworks";
				PRODUCT_BUNDLE_IDENTIFIER = kr.co.engene.NoteTaker;
				PRODUCT_NAME = "$(TARGET_NAME)";
			};
			name = Release;
		};
/* End XCBuildConfiguration section */

/* Begin XCConfigurationList section */
		4081DCBF1CB396CF00E5B3FF /* Build configuration list for PBXProject "NoteTaker" */ = {
			isa = XCConfigurationList;
			buildConfigurations = (
				4081DCD71CB396CF00E5B3FF /* Debug */,
				4081DCD81CB396CF00E5B3FF /* Release */,
			);
			defaultConfigurationIsVisible = 0;
			defaultConfigurationName = Release;
		};
		4081DCD91CB396CF00E5B3FF /* Build configuration list for PBXNativeTarget "NoteTaker" */ = {
			isa = XCConfigurationList;
			buildConfigurations = (
				4081DCDA1CB396CF00E5B3FF /* Debug */,
				4081DCDB1CB396CF00E5B3FF /* Release */,
			);
			defaultConfigurationIsVisible = 0;
			defaultConfigurationName = Release;
		};
/* End XCConfigurationList section */

/* Begin XCVersionGroup section */
		4081DCCE1CB396CF00E5B3FF /* NoteTaker.xcdatamodeld */ = {
			isa = XCVersionGroup;
			children = (
				4081DCCF1CB396CF00E5B3FF /* NoteTaker.xcdatamodel */,
			);
			currentVersion = 4081DCCF1CB396CF00E5B3FF /* NoteTaker.xcdatamodel */;
			path = NoteTaker.xcdatamodeld;
			sourceTree = "<group>";
			versionGroupType = wrapper.xcdatamodel;
		};
/* End XCVersionGroup section */
	};
	rootObject = 4081DCBC1CB396CF00E5B3FF /* Project object */;
}
